
Microsoft Visual Studio Solution File, Format Version 12.00
# Visual Studio Version 16
VisualStudioVersion = 16.0.29709.97
MinimumVisualStudioVersion = 10.0.40219.1
Project("{FAE04EC0-301F-11D3-BF4B-00C04F79EFBC}") = "ConsoleUI", "ConsoleUI\ConsoleUI.csproj", "{13012700-8E21-4CA7-832A-D332D3D4B660}"
EndProject
Project("{FAE04EC0-301F-11D3-BF4B-00C04F79EFBC}") = "DynamicArray", "DynamicArray\DynamicArray.csproj", "{65403554-DCC6-4444-B935-313224C47420}"
EndProject
Global
	GlobalSection(SolutionConfigurationPlatforms) = preSolution
		Debug|Any CPU = Debug|Any CPU
		Release|Any CPU = Release|Any CPU
	EndGlobalSection
	GlobalSection(ProjectConfigurationPlatforms) = postSolution
		{13012700-8E21-4CA7-832A-D332D3D4B660}.Debug|Any CPU.ActiveCfg = Debug|Any CPU
		{13012700-8E21-4CA7-832A-D332D3D4B660}.Debug|Any CPU.Build.0 = Debug|Any CPU
		{13012700-8E21-4CA7-832A-D332D3D4B660}.Release|Any CPU.ActiveCfg = Release|Any CPU
		{13012700-8E21-4CA7-832A-D332D3D4B660}.Release|Any CPU.Build.0 = Release|Any CPU
		{65403554-DCC6-4444-B935-313224C47420}.Debug|Any CPU.ActiveCfg = Debug|Any CPU
		{65403554-DCC6-4444-B935-313224C47420}.Debug|Any CPU.Build.0 = Debug|Any CPU
		{65403554-DCC6-4444-B935-313224C47420}.Release|Any CPU.ActiveCfg = Release|Any CPU
		{65403554-DCC6-4444-B935-313224C47420}.Release|Any CPU.Build.0 = Release|Any CPU
	EndGlobalSection
	GlobalSection(SolutionProperties) = preSolution
		HideSolutionNode = FALSE
	EndGlobalSection
	GlobalSection(ExtensibilityGlobals) = postSolution
		SolutionGuid = {BF6FDBB6-5952-4769-8F97-705E71F1B49E}
	EndGlobalSection
EndGlobal
